// !$*UTF8*$!
{
	archiveVersion = 1;
	classes = {
	};
	objectVersion = 46;
	objects = {

/* Begin PBXBuildFile section */
		70A79D27EF79844A099AED67 /* Pods_musicAlbums.framework in Frameworks */ = {isa = PBXBuildFile; fileRef = 6C78BAB3AFAD0FE4ECE0D4C4 /* Pods_musicAlbums.framework */; };
		A32201B61FADD67E0026EF70 /* AppDelegate.swift in Sources */ = {isa = PBXBuildFile; fileRef = A32201B51FADD67E0026EF70 /* AppDelegate.swift */; };
		A32201BE1FADD67E0026EF70 /* musicAlbums.xcdatamodeld in Sources */ = {isa = PBXBuildFile; fileRef = A32201BC1FADD67E0026EF70 /* musicAlbums.xcdatamodeld */; };
		A32201C01FADD67E0026EF70 /* Assets.xcassets in Resources */ = {isa = PBXBuildFile; fileRef = A32201BF1FADD67E0026EF70 /* Assets.xcassets */; };
		A32201C31FADD67E0026EF70 /* LaunchScreen.storyboard in Resources */ = {isa = PBXBuildFile; fileRef = A32201C11FADD67E0026EF70 /* LaunchScreen.storyboard */; };
		A32201CE1FADD67E0026EF70 /* musicAlbumsTests.swift in Sources */ = {isa = PBXBuildFile; fileRef = A32201CD1FADD67E0026EF70 /* musicAlbumsTests.swift */; };
		A32201D91FADD67E0026EF70 /* musicAlbumsUITests.swift in Sources */ = {isa = PBXBuildFile; fileRef = A32201D81FADD67E0026EF70 /* musicAlbumsUITests.swift */; };
		A32F708C1FB2C56F005D0412 /* StoryboardHelper.swift in Sources */ = {isa = PBXBuildFile; fileRef = A32F708B1FB2C56F005D0412 /* StoryboardHelper.swift */; };
		A32F70921FB2CF40005D0412 /* ConfigurationHelper.swift in Sources */ = {isa = PBXBuildFile; fileRef = A32F70911FB2CF40005D0412 /* ConfigurationHelper.swift */; };
		A32F70961FB3200E005D0412 /* MusicAlbumDetailViewController.swift in Sources */ = {isa = PBXBuildFile; fileRef = A32F70951FB3200E005D0412 /* MusicAlbumDetailViewController.swift */; };
		A37F96851FAEE45000649839 /* MusicAlbumSearchViewController.swift in Sources */ = {isa = PBXBuildFile; fileRef = A37F96841FAEE45000649839 /* MusicAlbumSearchViewController.swift */; };
		A37F96881FAEE47700649839 /* Search.storyboard in Resources */ = {isa = PBXBuildFile; fileRef = A37F96871FAEE47700649839 /* Search.storyboard */; };
		A398EF7F1FB20F6700D1E78E /* Main.storyboard in Resources */ = {isa = PBXBuildFile; fileRef = A398EF7E1FB20F6700D1E78E /* Main.storyboard */; };
		A398EF871FB2288E00D1E78E /* ViewController.swift in Sources */ = {isa = PBXBuildFile; fileRef = A398EF861FB2288E00D1E78E /* ViewController.swift */; };
		A3AD5B2D1FAF06970091DBE0 /* UIImage.swift in Sources */ = {isa = PBXBuildFile; fileRef = A3AD5B2C1FAF06970091DBE0 /* UIImage.swift */; };
		A3AD5B2F1FAF06D70091DBE0 /* UIView.swift in Sources */ = {isa = PBXBuildFile; fileRef = A3AD5B2E1FAF06D70091DBE0 /* UIView.swift */; };
		A3C0F8611FADDC2A00D7F0EF /* sample-data.json in Resources */ = {isa = PBXBuildFile; fileRef = A3C0F8601FADDC2A00D7F0EF /* sample-data.json */; };
		A3C0F8661FADDE0600D7F0EF /* MusicAlbumModel.swift in Sources */ = {isa = PBXBuildFile; fileRef = A3C0F8651FADDE0600D7F0EF /* MusicAlbumModel.swift */; };
		A3C0F8681FADDE1F00D7F0EF /* MusicAlbumServices.swift in Sources */ = {isa = PBXBuildFile; fileRef = A3C0F8671FADDE1F00D7F0EF /* MusicAlbumServices.swift */; };
		A3C0F86C1FADE39000D7F0EF /* SwiftyJSON.framework in Frameworks */ = {isa = PBXBuildFile; fileRef = A3C0F86B1FADE39000D7F0EF /* SwiftyJSON.framework */; };
		A3C0F86F1FADEF7700D7F0EF /* DemoCollectionViewCell.swift in Sources */ = {isa = PBXBuildFile; fileRef = A3C0F86E1FADEF7700D7F0EF /* DemoCollectionViewCell.swift */; };
		A3EB65C51FB2412700F6A424 /* DemoCollectionViewCell.xib in Resources */ = {isa = PBXBuildFile; fileRef = A3EB65C41FB2412700F6A424 /* DemoCollectionViewCell.xib */; };
/* End PBXBuildFile section */

/* Begin PBXContainerItemProxy section */
		A32201CA1FADD67E0026EF70 /* PBXContainerItemProxy */ = {
			isa = PBXContainerItemProxy;
			containerPortal = A32201AA1FADD67E0026EF70 /* Project object */;
			proxyType = 1;
			remoteGlobalIDString = A32201B11FADD67E0026EF70;
			remoteInfo = musicAlbums;
		};
		A32201D51FADD67E0026EF70 /* PBXContainerItemProxy */ = {
			isa = PBXContainerItemProxy;
			containerPortal = A32201AA1FADD67E0026EF70 /* Project object */;
			proxyType = 1;
			remoteGlobalIDString = A32201B11FADD67E0026EF70;
			remoteInfo = musicAlbums;
		};
/* End PBXContainerItemProxy section */

/* Begin PBXFileReference section */
		27D69A42470A34E53DFB930E /* Pods-musicAlbums.debug.xcconfig */ = {isa = PBXFileReference; includeInIndex = 1; lastKnownFileType = text.xcconfig; name = "Pods-musicAlbums.debug.xcconfig"; path = "Pods/Target Support Files/Pods-musicAlbums/Pods-musicAlbums.debug.xcconfig"; sourceTree = "<group>"; };
		6C78BAB3AFAD0FE4ECE0D4C4 /* Pods_musicAlbums.framework */ = {isa = PBXFileReference; explicitFileType = wrapper.framework; includeInIndex = 0; path = Pods_musicAlbums.framework; sourceTree = BUILT_PRODUCTS_DIR; };
		A32201B21FADD67E0026EF70 /* musicAlbums.app */ = {isa = PBXFileReference; explicitFileType = wrapper.application; includeInIndex = 0; path = musicAlbums.app; sourceTree = BUILT_PRODUCTS_DIR; };
		A32201B51FADD67E0026EF70 /* AppDelegate.swift */ = {isa = PBXFileReference; lastKnownFileType = sourcecode.swift; path = AppDelegate.swift; sourceTree = "<group>"; };
		A32201BD1FADD67E0026EF70 /* musicAlbums.xcdatamodel */ = {isa = PBXFileReference; lastKnownFileType = wrapper.xcdatamodel; path = musicAlbums.xcdatamodel; sourceTree = "<group>"; };
		A32201BF1FADD67E0026EF70 /* Assets.xcassets */ = {isa = PBXFileReference; lastKnownFileType = folder.assetcatalog; path = Assets.xcassets; sourceTree = "<group>"; };
		A32201C21FADD67E0026EF70 /* Base */ = {isa = PBXFileReference; lastKnownFileType = file.storyboard; name = Base; path = Base.lproj/LaunchScreen.storyboard; sourceTree = "<group>"; };
		A32201C41FADD67E0026EF70 /* Info.plist */ = {isa = PBXFileReference; lastKnownFileType = text.plist.xml; path = Info.plist; sourceTree = "<group>"; };
		A32201C91FADD67E0026EF70 /* musicAlbumsTests.xctest */ = {isa = PBXFileReference; explicitFileType = wrapper.cfbundle; includeInIndex = 0; path = musicAlbumsTests.xctest; sourceTree = BUILT_PRODUCTS_DIR; };
		A32201CD1FADD67E0026EF70 /* musicAlbumsTests.swift */ = {isa = PBXFileReference; lastKnownFileType = sourcecode.swift; path = musicAlbumsTests.swift; sourceTree = "<group>"; };
		A32201CF1FADD67E0026EF70 /* Info.plist */ = {isa = PBXFileReference; lastKnownFileType = text.plist.xml; path = Info.plist; sourceTree = "<group>"; };
		A32201D41FADD67E0026EF70 /* musicAlbumsUITests.xctest */ = {isa = PBXFileReference; explicitFileType = wrapper.cfbundle; includeInIndex = 0; path = musicAlbumsUITests.xctest; sourceTree = BUILT_PRODUCTS_DIR; };
		A32201D81FADD67E0026EF70 /* musicAlbumsUITests.swift */ = {isa = PBXFileReference; lastKnownFileType = sourcecode.swift; path = musicAlbumsUITests.swift; sourceTree = "<group>"; };
		A32201DA1FADD67E0026EF70 /* Info.plist */ = {isa = PBXFileReference; lastKnownFileType = text.plist.xml; path = Info.plist; sourceTree = "<group>"; };
		A32F708B1FB2C56F005D0412 /* StoryboardHelper.swift */ = {isa = PBXFileReference; fileEncoding = 4; lastKnownFileType = sourcecode.swift; path = StoryboardHelper.swift; sourceTree = "<group>"; };
		A32F70911FB2CF40005D0412 /* ConfigurationHelper.swift */ = {isa = PBXFileReference; fileEncoding = 4; lastKnownFileType = sourcecode.swift; path = ConfigurationHelper.swift; sourceTree = "<group>"; };
		A32F70951FB3200E005D0412 /* MusicAlbumDetailViewController.swift */ = {isa = PBXFileReference; fileEncoding = 4; lastKnownFileType = sourcecode.swift; path = MusicAlbumDetailViewController.swift; sourceTree = "<group>"; };
		A37F96841FAEE45000649839 /* MusicAlbumSearchViewController.swift */ = {isa = PBXFileReference; fileEncoding = 4; lastKnownFileType = sourcecode.swift; path = MusicAlbumSearchViewController.swift; sourceTree = "<group>"; };
		A37F96871FAEE47700649839 /* Search.storyboard */ = {isa = PBXFileReference; fileEncoding = 4; lastKnownFileType = file.storyboard; path = Search.storyboard; sourceTree = "<group>"; };
		A398EF7E1FB20F6700D1E78E /* Main.storyboard */ = {isa = PBXFileReference; fileEncoding = 4; lastKnownFileType = file.storyboard; path = Main.storyboard; sourceTree = "<group>"; };
		A398EF861FB2288E00D1E78E /* ViewController.swift */ = {isa = PBXFileReference; fileEncoding = 4; lastKnownFileType = sourcecode.swift; path = ViewController.swift; sourceTree = "<group>"; };
		A3AD5B2C1FAF06970091DBE0 /* UIImage.swift */ = {isa = PBXFileReference; fileEncoding = 4; lastKnownFileType = sourcecode.swift; path = UIImage.swift; sourceTree = "<group>"; };
		A3AD5B2E1FAF06D70091DBE0 /* UIView.swift */ = {isa = PBXFileReference; fileEncoding = 4; lastKnownFileType = sourcecode.swift; path = UIView.swift; sourceTree = "<group>"; };
		A3C0F8601FADDC2A00D7F0EF /* sample-data.json */ = {isa = PBXFileReference; fileEncoding = 4; lastKnownFileType = text.json; path = "sample-data.json"; sourceTree = "<group>"; };
		A3C0F8651FADDE0600D7F0EF /* MusicAlbumModel.swift */ = {isa = PBXFileReference; fileEncoding = 4; lastKnownFileType = sourcecode.swift; path = MusicAlbumModel.swift; sourceTree = "<group>"; };
		A3C0F8671FADDE1F00D7F0EF /* MusicAlbumServices.swift */ = {isa = PBXFileReference; fileEncoding = 4; lastKnownFileType = sourcecode.swift; path = MusicAlbumServices.swift; sourceTree = "<group>"; };
		A3C0F8691FADE26000D7F0EF /* SwiftyJSON.framework */ = {isa = PBXFileReference; lastKnownFileType = wrapper.framework; name = SwiftyJSON.framework; path = "../../../Library/Developer/Xcode/DerivedData/musicAlbums-chahudrzxguojpbcezpvqlckngcd/Build/Products/Debug-iphonesimulator/SwiftyJSON/SwiftyJSON.framework"; sourceTree = "<group>"; };
		A3C0F86B1FADE39000D7F0EF /* SwiftyJSON.framework */ = {isa = PBXFileReference; lastKnownFileType = wrapper.framework; name = SwiftyJSON.framework; path = "Pods/../build/Release-iphoneos/SwiftyJSON/SwiftyJSON.framework"; sourceTree = "<group>"; };
		A3C0F86E1FADEF7700D7F0EF /* DemoCollectionViewCell.swift */ = {isa = PBXFileReference; fileEncoding = 4; lastKnownFileType = sourcecode.swift; path = DemoCollectionViewCell.swift; sourceTree = "<group>"; };
		A3EB65C41FB2412700F6A424 /* DemoCollectionViewCell.xib */ = {isa = PBXFileReference; fileEncoding = 4; lastKnownFileType = file.xib; path = DemoCollectionViewCell.xib; sourceTree = "<group>"; };
		BBEE9E3361B0F928F641E6A8 /* Pods-musicAlbums.release.xcconfig */ = {isa = PBXFileReference; includeInIndex = 1; lastKnownFileType = text.xcconfig; name = "Pods-musicAlbums.release.xcconfig"; path = "Pods/Target Support Files/Pods-musicAlbums/Pods-musicAlbums.release.xcconfig"; sourceTree = "<group>"; };
/* End PBXFileReference section */

/* Begin PBXFrameworksBuildPhase section */
		A32201AF1FADD67E0026EF70 /* Frameworks */ = {
			isa = PBXFrameworksBuildPhase;
			buildActionMask = 2147483647;
			files = (
				A3C0F86C1FADE39000D7F0EF /* SwiftyJSON.framework in Frameworks */,
				70A79D27EF79844A099AED67 /* Pods_musicAlbums.framework in Frameworks */,
			);
			runOnlyForDeploymentPostprocessing = 0;
		};
		A32201C61FADD67E0026EF70 /* Frameworks */ = {
			isa = PBXFrameworksBuildPhase;
			buildActionMask = 2147483647;
			files = (
			);
			runOnlyForDeploymentPostprocessing = 0;
		};
		A32201D11FADD67E0026EF70 /* Frameworks */ = {
			isa = PBXFrameworksBuildPhase;
			buildActionMask = 2147483647;
			files = (
			);
			runOnlyForDeploymentPostprocessing = 0;
		};
/* End PBXFrameworksBuildPhase section */

/* Begin PBXGroup section */
		1020AAB627AB10452E1E7EDC /* Frameworks */ = {
			isa = PBXGroup;
			children = (
				A3C0F86B1FADE39000D7F0EF /* SwiftyJSON.framework */,
				A3C0F8691FADE26000D7F0EF /* SwiftyJSON.framework */,
				6C78BAB3AFAD0FE4ECE0D4C4 /* Pods_musicAlbums.framework */,
			);
			name = Frameworks;
			sourceTree = "<group>";
		};
		A32201A91FADD67E0026EF70 = {
			isa = PBXGroup;
			children = (
				A32201B41FADD67E0026EF70 /* musicAlbums */,
				A32201CC1FADD67E0026EF70 /* musicAlbumsTests */,
				A32201D71FADD67E0026EF70 /* musicAlbumsUITests */,
				A32201B31FADD67E0026EF70 /* Products */,
				B1791C13151A3CB718B942B9 /* Pods */,
				1020AAB627AB10452E1E7EDC /* Frameworks */,
			);
			sourceTree = "<group>";
		};
		A32201B31FADD67E0026EF70 /* Products */ = {
			isa = PBXGroup;
			children = (
				A32201B21FADD67E0026EF70 /* musicAlbums.app */,
				A32201C91FADD67E0026EF70 /* musicAlbumsTests.xctest */,
				A32201D41FADD67E0026EF70 /* musicAlbumsUITests.xctest */,
			);
			name = Products;
			sourceTree = "<group>";
		};
		A32201B41FADD67E0026EF70 /* musicAlbums */ = {
			isa = PBXGroup;
			children = (
				A32F708B1FB2C56F005D0412 /* StoryboardHelper.swift */,
				A32F70911FB2CF40005D0412 /* ConfigurationHelper.swift */,
				A3C0F8621FADDC3000D7F0EF /* JSONFile */,
				A3C0F8631FADDDCD00D7F0EF /* Services */,
				A37F96801FAED9B300649839 /* AppDelegate */,
				A37F967E1FAED96900649839 /* MusicAlbumHome */,
				A3C0F8701FADF4D800D7F0EF /* MusicAlbumDetails */,
				A37F96821FAEE42E00649839 /* Search */,
				A3AD5B301FAF08EC0091DBE0 /* EXtension */,
				A32201BF1FADD67E0026EF70 /* Assets.xcassets */,
				A32201C11FADD67E0026EF70 /* LaunchScreen.storyboard */,
				A32201C41FADD67E0026EF70 /* Info.plist */,
				A32201BC1FADD67E0026EF70 /* musicAlbums.xcdatamodeld */,
			);
			path = musicAlbums;
			sourceTree = "<group>";
		};
		A32201CC1FADD67E0026EF70 /* musicAlbumsTests */ = {
			isa = PBXGroup;
			children = (
				A32201CD1FADD67E0026EF70 /* musicAlbumsTests.swift */,
				A32201CF1FADD67E0026EF70 /* Info.plist */,
			);
			path = musicAlbumsTests;
			sourceTree = "<group>";
		};
		A32201D71FADD67E0026EF70 /* musicAlbumsUITests */ = {
			isa = PBXGroup;
			children = (
				A32201D81FADD67E0026EF70 /* musicAlbumsUITests.swift */,
				A32201DA1FADD67E0026EF70 /* Info.plist */,
			);
			path = musicAlbumsUITests;
			sourceTree = "<group>";
		};
		A37F967E1FAED96900649839 /* MusicAlbumHome */ = {
			isa = PBXGroup;
			children = (
				A37F96811FAED9C800649839 /* StoryBoard */,
				A3C0F8641FADDDD800D7F0EF /* Model */,
				A37F967F1FAED98B00649839 /* ViewController */,
				A3C0F86D1FADEF5100D7F0EF /* View */,
			);
			name = MusicAlbumHome;
			sourceTree = "<group>";
		};
		A37F967F1FAED98B00649839 /* ViewController */ = {
			isa = PBXGroup;
			children = (
				A398EF861FB2288E00D1E78E /* ViewController.swift */,
			);
			name = ViewController;
			sourceTree = "<group>";
		};
		A37F96801FAED9B300649839 /* AppDelegate */ = {
			isa = PBXGroup;
			children = (
				A32201B51FADD67E0026EF70 /* AppDelegate.swift */,
			);
			name = AppDelegate;
			sourceTree = "<group>";
		};
		A37F96811FAED9C800649839 /* StoryBoard */ = {
			isa = PBXGroup;
			children = (
				A398EF7E1FB20F6700D1E78E /* Main.storyboard */,
			);
			name = StoryBoard;
			sourceTree = "<group>";
		};
		A37F96821FAEE42E00649839 /* Search */ = {
			isa = PBXGroup;
			children = (
				A37F96861FAEE46300649839 /* StoryBoard */,
				A37F96831FAEE43400649839 /* ViewController */,
			);
			name = Search;
			sourceTree = "<group>";
		};
		A37F96831FAEE43400649839 /* ViewController */ = {
			isa = PBXGroup;
			children = (
				A37F96841FAEE45000649839 /* MusicAlbumSearchViewController.swift */,
			);
			name = ViewController;
			sourceTree = "<group>";
		};
		A37F96861FAEE46300649839 /* StoryBoard */ = {
			isa = PBXGroup;
			children = (
				A37F96871FAEE47700649839 /* Search.storyboard */,
			);
			name = StoryBoard;
			sourceTree = "<group>";
		};
		A3AD5B301FAF08EC0091DBE0 /* EXtension */ = {
			isa = PBXGroup;
			children = (
				A3AD5B2C1FAF06970091DBE0 /* UIImage.swift */,
				A3AD5B2E1FAF06D70091DBE0 /* UIView.swift */,
			);
			name = EXtension;
			sourceTree = "<group>";
		};
		A3AD5B351FAF0B780091DBE0 /* ViewController */ = {
			isa = PBXGroup;
			children = (
				A32F70951FB3200E005D0412 /* MusicAlbumDetailViewController.swift */,
			);
			name = ViewController;
			sourceTree = "<group>";
		};
		A3C0F8621FADDC3000D7F0EF /* JSONFile */ = {
			isa = PBXGroup;
			children = (
				A3C0F8601FADDC2A00D7F0EF /* sample-data.json */,
			);
			name = JSONFile;
			sourceTree = "<group>";
		};
		A3C0F8631FADDDCD00D7F0EF /* Services */ = {
			isa = PBXGroup;
			children = (
				A3C0F8671FADDE1F00D7F0EF /* MusicAlbumServices.swift */,
			);
			name = Services;
			sourceTree = "<group>";
		};
		A3C0F8641FADDDD800D7F0EF /* Model */ = {
			isa = PBXGroup;
			children = (
				A3C0F8651FADDE0600D7F0EF /* MusicAlbumModel.swift */,
			);
			name = Model;
			sourceTree = "<group>";
		};
		A3C0F86D1FADEF5100D7F0EF /* View */ = {
			isa = PBXGroup;
			children = (
				A3C0F86E1FADEF7700D7F0EF /* DemoCollectionViewCell.swift */,
				A3EB65C41FB2412700F6A424 /* DemoCollectionViewCell.xib */,
			);
			name = View;
			sourceTree = "<group>";
		};
		A3C0F8701FADF4D800D7F0EF /* MusicAlbumDetails */ = {
			isa = PBXGroup;
			children = (
				A3AD5B351FAF0B780091DBE0 /* ViewController */,
			);
			name = MusicAlbumDetails;
			sourceTree = "<group>";
		};
		B1791C13151A3CB718B942B9 /* Pods */ = {
			isa = PBXGroup;
			children = (
				27D69A42470A34E53DFB930E /* Pods-musicAlbums.debug.xcconfig */,
				BBEE9E3361B0F928F641E6A8 /* Pods-musicAlbums.release.xcconfig */,
			);
			name = Pods;
			sourceTree = "<group>";
		};
/* End PBXGroup section */

/* Begin PBXNativeTarget section */
		A32201B11FADD67E0026EF70 /* musicAlbums */ = {
			isa = PBXNativeTarget;
			buildConfigurationList = A32201DD1FADD67E0026EF70 /* Build configuration list for PBXNativeTarget "musicAlbums" */;
			buildPhases = (
				0E045514FC9FE2A7C8085CDF /* 📦 Check Pods Manifest.lock */,
				A32201AE1FADD67E0026EF70 /* Sources */,
				A32201AF1FADD67E0026EF70 /* Frameworks */,
				A32201B01FADD67E0026EF70 /* Resources */,
				AB2E25AA15FA395115C60216 /* 📦 Embed Pods Frameworks */,
				326FCE9DA93C1E1098B82E3A /* 📦 Copy Pods Resources */,
			);
			buildRules = (
			);
			dependencies = (
			);
			name = musicAlbums;
			productName = musicAlbums;
			productReference = A32201B21FADD67E0026EF70 /* musicAlbums.app */;
			productType = "com.apple.product-type.application";
		};
		A32201C81FADD67E0026EF70 /* musicAlbumsTests */ = {
			isa = PBXNativeTarget;
			buildConfigurationList = A32201E01FADD67E0026EF70 /* Build configuration list for PBXNativeTarget "musicAlbumsTests" */;
			buildPhases = (
				A32201C51FADD67E0026EF70 /* Sources */,
				A32201C61FADD67E0026EF70 /* Frameworks */,
				A32201C71FADD67E0026EF70 /* Resources */,
			);
			buildRules = (
			);
			dependencies = (
				A32201CB1FADD67E0026EF70 /* PBXTargetDependency */,
			);
			name = musicAlbumsTests;
			productName = musicAlbumsTests;
			productReference = A32201C91FADD67E0026EF70 /* musicAlbumsTests.xctest */;
			productType = "com.apple.product-type.bundle.unit-test";
		};
		A32201D31FADD67E0026EF70 /* musicAlbumsUITests */ = {
			isa = PBXNativeTarget;
			buildConfigurationList = A32201E31FADD67E0026EF70 /* Build configuration list for PBXNativeTarget "musicAlbumsUITests" */;
			buildPhases = (
				A32201D01FADD67E0026EF70 /* Sources */,
				A32201D11FADD67E0026EF70 /* Frameworks */,
				A32201D21FADD67E0026EF70 /* Resources */,
			);
			buildRules = (
			);
			dependencies = (
				A32201D61FADD67E0026EF70 /* PBXTargetDependency */,
			);
			name = musicAlbumsUITests;
			productName = musicAlbumsUITests;
			productReference = A32201D41FADD67E0026EF70 /* musicAlbumsUITests.xctest */;
			productType = "com.apple.product-type.bundle.ui-testing";
		};
/* End PBXNativeTarget section */

/* Begin PBXProject section */
		A32201AA1FADD67E0026EF70 /* Project object */ = {
			isa = PBXProject;
			attributes = {
				LastSwiftUpdateCheck = 0830;
				LastUpgradeCheck = 0830;
				ORGANIZATIONNAME = Farooque;
				TargetAttributes = {
					A32201B11FADD67E0026EF70 = {
						CreatedOnToolsVersion = 8.3.3;
						ProvisioningStyle = Automatic;
					};
					A32201C81FADD67E0026EF70 = {
						CreatedOnToolsVersion = 8.3.3;
						ProvisioningStyle = Automatic;
						TestTargetID = A32201B11FADD67E0026EF70;
					};
					A32201D31FADD67E0026EF70 = {
						CreatedOnToolsVersion = 8.3.3;
						ProvisioningStyle = Automatic;
						TestTargetID = A32201B11FADD67E0026EF70;
					};
				};
			};
			buildConfigurationList = A32201AD1FADD67E0026EF70 /* Build configuration list for PBXProject "musicAlbums" */;
			compatibilityVersion = "Xcode 3.2";
			developmentRegion = English;
			hasScannedForEncodings = 0;
			knownRegions = (
				en,
				Base,
			);
			mainGroup = A32201A91FADD67E0026EF70;
			productRefGroup = A32201B31FADD67E0026EF70 /* Products */;
			projectDirPath = "";
			projectRoot = "";
			targets = (
				A32201B11FADD67E0026EF70 /* musicAlbums */,
				A32201C81FADD67E0026EF70 /* musicAlbumsTests */,
				A32201D31FADD67E0026EF70 /* musicAlbumsUITests */,
			);
		};
/* End PBXProject section */

/* Begin PBXResourcesBuildPhase section */
		A32201B01FADD67E0026EF70 /* Resources */ = {
			isa = PBXResourcesBuildPhase;
			buildActionMask = 2147483647;
			files = (
				A32201C31FADD67E0026EF70 /* LaunchScreen.storyboard in Resources */,
				A3C0F8611FADDC2A00D7F0EF /* sample-data.json in Resources */,
				A32201C01FADD67E0026EF70 /* Assets.xcassets in Resources */,
				A398EF7F1FB20F6700D1E78E /* Main.storyboard in Resources */,
				A37F96881FAEE47700649839 /* Search.storyboard in Resources */,
				A3EB65C51FB2412700F6A424 /* DemoCollectionViewCell.xib in Resources */,
			);
			runOnlyForDeploymentPostprocessing = 0;
		};
		A32201C71FADD67E0026EF70 /* Resources */ = {
			isa = PBXResourcesBuildPhase;
			buildActionMask = 2147483647;
			files = (
			);
			runOnlyForDeploymentPostprocessing = 0;
		};
		A32201D21FADD67E0026EF70 /* Resources */ = {
			isa = PBXResourcesBuildPhase;
			buildActionMask = 2147483647;
			files = (
			);
			runOnlyForDeploymentPostprocessing = 0;
		};
/* End PBXResourcesBuildPhase section */

/* Begin PBXShellScriptBuildPhase section */
		0E045514FC9FE2A7C8085CDF /* 📦 Check Pods Manifest.lock */ = {
			isa = PBXShellScriptBuildPhase;
			buildActionMask = 2147483647;
			files = (
			);
			inputPaths = (
			);
			name = "📦 Check Pods Manifest.lock";
			outputPaths = (
			);
			runOnlyForDeploymentPostprocessing = 0;
			shellPath = /bin/sh;
			shellScript = "diff \"${PODS_ROOT}/../Podfile.lock\" \"${PODS_ROOT}/Manifest.lock\" > /dev/null\nif [[ $? != 0 ]] ; then\n    cat << EOM\nerror: The sandbox is not in sync with the Podfile.lock. Run 'pod install' or update your CocoaPods installation.\nEOM\n    exit 1\nfi\n";
			showEnvVarsInLog = 0;
		};
		326FCE9DA93C1E1098B82E3A /* 📦 Copy Pods Resources */ = {
			isa = PBXShellScriptBuildPhase;
			buildActionMask = 2147483647;
			files = (
			);
			inputPaths = (
			);
			name = "📦 Copy Pods Resources";
			outputPaths = (
			);
			runOnlyForDeploymentPostprocessing = 0;
			shellPath = /bin/sh;
			shellScript = "\"${SRCROOT}/Pods/Target Support Files/Pods-musicAlbums/Pods-musicAlbums-resources.sh\"\n";
			showEnvVarsInLog = 0;
		};
		AB2E25AA15FA395115C60216 /* 📦 Embed Pods Frameworks */ = {
			isa = PBXShellScriptBuildPhase;
			buildActionMask = 2147483647;
			files = (
			);
			inputPaths = (
			);
			name = "📦 Embed Pods Frameworks";
			outputPaths = (
			);
			runOnlyForDeploymentPostprocessing = 0;
			shellPath = /bin/sh;
			shellScript = "\"${SRCROOT}/Pods/Target Support Files/Pods-musicAlbums/Pods-musicAlbums-frameworks.sh\"\n";
			showEnvVarsInLog = 0;
		};
/* End PBXShellScriptBuildPhase section */

/* Begin PBXSourcesBuildPhase section */
		A32201AE1FADD67E0026EF70 /* Sources */ = {
			isa = PBXSourcesBuildPhase;
			buildActionMask = 2147483647;
			files = (
				A3C0F86F1FADEF7700D7F0EF /* DemoCollectionViewCell.swift in Sources */,
				A3C0F8681FADDE1F00D7F0EF /* MusicAlbumServices.swift in Sources */,
				A37F96851FAEE45000649839 /* MusicAlbumSearchViewController.swift in Sources */,
				A32201BE1FADD67E0026EF70 /* musicAlbums.xcdatamodeld in Sources */,
				A32F70961FB3200E005D0412 /* MusicAlbumDetailViewController.swift in Sources */,
				A32F70921FB2CF40005D0412 /* ConfigurationHelper.swift in Sources */,
				A398EF871FB2288E00D1E78E /* ViewController.swift in Sources */,
				A32F708C1FB2C56F005D0412 /* StoryboardHelper.swift in Sources */,
				A32201B61FADD67E0026EF70 /* AppDelegate.swift in Sources */,
				A3C0F8661FADDE0600D7F0EF /* MusicAlbumModel.swift in Sources */,
				A3AD5B2F1FAF06D70091DBE0 /* UIView.swift in Sources */,
				A3AD5B2D1FAF06970091DBE0 /* UIImage.swift in Sources */,
			);
			runOnlyForDeploymentPostprocessing = 0;
		};
		A32201C51FADD67E0026EF70 /* Sources */ = {
			isa = PBXSourcesBuildPhase;
			buildActionMask = 2147483647;
			files = (
				A32201CE1FADD67E0026EF70 /* musicAlbumsTests.swift in Sources */,
			);
			runOnlyForDeploymentPostprocessing = 0;
		};
		A32201D01FADD67E0026EF70 /* Sources */ = {
			isa = PBXSourcesBuildPhase;
			buildActionMask = 2147483647;
			files = (
				A32201D91FADD67E0026EF70 /* musicAlbumsUITests.swift in Sources */,
			);
			runOnlyForDeploymentPostprocessing = 0;
		};
/* End PBXSourcesBuildPhase section */

/* Begin PBXTargetDependency section */
		A32201CB1FADD67E0026EF70 /* PBXTargetDependency */ = {
			isa = PBXTargetDependency;
			target = A32201B11FADD67E0026EF70 /* musicAlbums */;
			targetProxy = A32201CA1FADD67E0026EF70 /* PBXContainerItemProxy */;
		};
		A32201D61FADD67E0026EF70 /* PBXTargetDependency */ = {
			isa = PBXTargetDependency;
			target = A32201B11FADD67E0026EF70 /* musicAlbums */;
			targetProxy = A32201D51FADD67E0026EF70 /* PBXContainerItemProxy */;
		};
/* End PBXTargetDependency section */

/* Begin PBXVariantGroup section */
		A32201C11FADD67E0026EF70 /* LaunchScreen.storyboard */ = {
			isa = PBXVariantGroup;
			children = (
				A32201C21FADD67E0026EF70 /* Base */,
			);
			name = LaunchScreen.storyboard;
			sourceTree = "<group>";
		};
/* End PBXVariantGroup section */

/* Begin XCBuildConfiguration section */
		A32201DB1FADD67E0026EF70 /* Debug */ = {
			isa = XCBuildConfiguration;
			buildSettings = {
				ALWAYS_SEARCH_USER_PATHS = NO;
				CLANG_ANALYZER_NONNULL = YES;
				CLANG_ANALYZER_NUMBER_OBJECT_CONVERSION = YES_AGGRESSIVE;
				CLANG_CXX_LANGUAGE_STANDARD = "gnu++0x";
				CLANG_CXX_LIBRARY = "libc++";
				CLANG_ENABLE_MODULES = YES;
				CLANG_ENABLE_OBJC_ARC = YES;
				CLANG_WARN_BOOL_CONVERSION = YES;
				CLANG_WARN_CONSTANT_CONVERSION = YES;
				CLANG_WARN_DIRECT_OBJC_ISA_USAGE = YES_ERROR;
				CLANG_WARN_DOCUMENTATION_COMMENTS = YES;
				CLANG_WARN_EMPTY_BODY = YES;
				CLANG_WARN_ENUM_CONVERSION = YES;
				CLANG_WARN_INFINITE_RECURSION = YES;
				CLANG_WARN_INT_CONVERSION = YES;
				CLANG_WARN_OBJC_ROOT_CLASS = YES_ERROR;
				CLANG_WARN_SUSPICIOUS_MOVE = YES;
				CLANG_WARN_UNREACHABLE_CODE = YES;
				CLANG_WARN__DUPLICATE_METHOD_MATCH = YES;
				"CODE_SIGN_IDENTITY[sdk=iphoneos*]" = "iPhone Developer";
				COPY_PHASE_STRIP = NO;
				DEBUG_INFORMATION_FORMAT = dwarf;
				ENABLE_STRICT_OBJC_MSGSEND = YES;
				ENABLE_TESTABILITY = YES;
				GCC_C_LANGUAGE_STANDARD = gnu99;
				GCC_DYNAMIC_NO_PIC = NO;
				GCC_NO_COMMON_BLOCKS = YES;
				GCC_OPTIMIZATION_LEVEL = 0;
				GCC_PREPROCESSOR_DEFINITIONS = (
					"DEBUG=1",
					"$(inherited)",
				);
				GCC_WARN_64_TO_32_BIT_CONVERSION = YES;
				GCC_WARN_ABOUT_RETURN_TYPE = YES_ERROR;
				GCC_WARN_UNDECLARED_SELECTOR = YES;
				GCC_WARN_UNINITIALIZED_AUTOS = YES_AGGRESSIVE;
				GCC_WARN_UNUSED_FUNCTION = YES;
				GCC_WARN_UNUSED_VARIABLE = YES;
				IPHONEOS_DEPLOYMENT_TARGET = 10.3;
				MTL_ENABLE_DEBUG_INFO = YES;
				ONLY_ACTIVE_ARCH = YES;
				SDKROOT = iphoneos;
				SWIFT_ACTIVE_COMPILATION_CONDITIONS = DEBUG;
				SWIFT_OPTIMIZATION_LEVEL = "-Onone";
				TARGETED_DEVICE_FAMILY = "1,2";
			};
			name = Debug;
		};
		A32201DC1FADD67E0026EF70 /* Release */ = {
			isa = XCBuildConfiguration;
			buildSettings = {
				ALWAYS_SEARCH_USER_PATHS = NO;
				CLANG_ANALYZER_NONNULL = YES;
				CLANG_ANALYZER_NUMBER_OBJECT_CONVERSION = YES_AGGRESSIVE;
				CLANG_CXX_LANGUAGE_STANDARD = "gnu++0x";
				CLANG_CXX_LIBRARY = "libc++";
				CLANG_ENABLE_MODULES = YES;
				CLANG_ENABLE_OBJC_ARC = YES;
				CLANG_WARN_BOOL_CONVERSION = YES;
				CLANG_WARN_CONSTANT_CONVERSION = YES;
				CLANG_WARN_DIRECT_OBJC_ISA_USAGE = YES_ERROR;
				CLANG_WARN_DOCUMENTATION_COMMENTS = YES;
				CLANG_WARN_EMPTY_BODY = YES;
				CLANG_WARN_ENUM_CONVERSION = YES;
				CLANG_WARN_INFINITE_RECURSION = YES;
				CLANG_WARN_INT_CONVERSION = YES;
				CLANG_WARN_OBJC_ROOT_CLASS = YES_ERROR;
				CLANG_WARN_SUSPICIOUS_MOVE = YES;
				CLANG_WARN_UNREACHABLE_CODE = YES;
				CLANG_WARN__DUPLICATE_METHOD_MATCH = YES;
				"CODE_SIGN_IDENTITY[sdk=iphoneos*]" = "iPhone Developer";
				COPY_PHASE_STRIP = NO;
				DEBUG_INFORMATION_FORMAT = "dwarf-with-dsym";
				ENABLE_NS_ASSERTIONS = NO;
				ENABLE_STRICT_OBJC_MSGSEND = YES;
				GCC_C_LANGUAGE_STANDARD = gnu99;
				GCC_NO_COMMON_BLOCKS = YES;
				GCC_WARN_64_TO_32_BIT_CONVERSION = YES;
				GCC_WARN_ABOUT_RETURN_TYPE = YES_ERROR;
				GCC_WARN_UNDECLARED_SELECTOR = YES;
				GCC_WARN_UNINITIALIZED_AUTOS = YES_AGGRESSIVE;
				GCC_WARN_UNUSED_FUNCTION = YES;
				GCC_WARN_UNUSED_VARIABLE = YES;
				IPHONEOS_DEPLOYMENT_TARGET = 10.3;
				MTL_ENABLE_DEBUG_INFO = NO;
				SDKROOT = iphoneos;
				SWIFT_OPTIMIZATION_LEVEL = "-Owholemodule";
				TARGETED_DEVICE_FAMILY = "1,2";
				VALIDATE_PRODUCT = YES;
			};
			name = Release;
		};
		A32201DE1FADD67E0026EF70 /* Debug */ = {
			isa = XCBuildConfiguration;
			baseConfigurationReference = 27D69A42470A34E53DFB930E /* Pods-musicAlbums.debug.xcconfig */;
			buildSettings = {
				ASSETCATALOG_COMPILER_APPICON_NAME = AppIcon;
				FRAMEWORK_SEARCH_PATHS = (
					"$(inherited)",
					"$(PROJECT_DIR)/build/Release-iphoneos/SwiftyJSON",
				);
				INFOPLIST_FILE = musicAlbums/Info.plist;
				LD_RUNPATH_SEARCH_PATHS = "$(inherited) @executable_path/Frameworks";
				PRODUCT_BUNDLE_IDENTIFIER = Farooque.musicAlbums;
				PRODUCT_NAME = "$(TARGET_NAME)";
				SWIFT_VERSION = 3.0;
			};
			name = Debug;
		};
		A32201DF1FADD67E0026EF70 /* Release */ = {
			isa = XCBuildConfiguration;
			baseConfigurationReference = BBEE9E3361B0F928F641E6A8 /* Pods-musicAlbums.release.xcconfig */;
			buildSettings = {
				ASSETCATALOG_COMPILER_APPICON_NAME = AppIcon;
				FRAMEWORK_SEARCH_PATHS = (
					"$(inherited)",
					"$(PROJECT_DIR)/build/Release-iphoneos/SwiftyJSON",
				);
				INFOPLIST_FILE = musicAlbums/Info.plist;
				LD_RUNPATH_SEARCH_PATHS = "$(inherited) @executable_path/Frameworks";
				PRODUCT_BUNDLE_IDENTIFIER = Farooque.musicAlbums;
				PRODUCT_NAME = "$(TARGET_NAME)";
				SWIFT_VERSION = 3.0;
			};
			name = Release;
		};
		A32201E11FADD67E0026EF70 /* Debug */ = {
			isa = XCBuildConfiguration;
			buildSettings = {
				ALWAYS_EMBED_SWIFT_STANDARD_LIBRARIES = YES;
				BUNDLE_LOADER = "$(TEST_HOST)";
				INFOPLIST_FILE = musicAlbumsTests/Info.plist;
				LD_RUNPATH_SEARCH_PATHS = "$(inherited) @executable_path/Frameworks @loader_path/Frameworks";
				PRODUCT_BUNDLE_IDENTIFIER = Farooque.musicAlbumsTests;
				PRODUCT_NAME = "$(TARGET_NAME)";
				SWIFT_VERSION = 3.0;
				TEST_HOST = "$(BUILT_PRODUCTS_DIR)/musicAlbums.app/musicAlbums";
			};
			name = Debug;
		};
		A32201E21FADD67E0026EF70 /* Release */ = {
			isa = XCBuildConfiguration;
			buildSettings = {
				ALWAYS_EMBED_SWIFT_STANDARD_LIBRARIES = YES;
				BUNDLE_LOADER = "$(TEST_HOST)";
				INFOPLIST_FILE = musicAlbumsTests/Info.plist;
				LD_RUNPATH_SEARCH_PATHS = "$(inherited) @executable_path/Frameworks @loader_path/Frameworks";
				PRODUCT_BUNDLE_IDENTIFIER = Farooque.musicAlbumsTests;
				PRODUCT_NAME = "$(TARGET_NAME)";
				SWIFT_VERSION = 3.0;
				TEST_HOST = "$(BUILT_PRODUCTS_DIR)/musicAlbums.app/musicAlbums";
			};
			name = Release;
		};
		A32201E41FADD67E0026EF70 /* Debug */ = {
			isa = XCBuildConfiguration;
			buildSettings = {
				ALWAYS_EMBED_SWIFT_STANDARD_LIBRARIES = YES;
				INFOPLIST_FILE = musicAlbumsUITests/Info.plist;
				LD_RUNPATH_SEARCH_PATHS = "$(inherited) @executable_path/Frameworks @loader_path/Frameworks";
				PRODUCT_BUNDLE_IDENTIFIER = Farooque.musicAlbumsUITests;
				PRODUCT_NAME = "$(TARGET_NAME)";
				SWIFT_VERSION = 3.0;
				TEST_TARGET_NAME = musicAlbums;
			};
			name = Debug;
		};
		A32201E51FADD67E0026EF70 /* Release */ = {
			isa = XCBuildConfiguration;
			buildSettings = {
				ALWAYS_EMBED_SWIFT_STANDARD_LIBRARIES = YES;
				INFOPLIST_FILE = musicAlbumsUITests/Info.plist;
				LD_RUNPATH_SEARCH_PATHS = "$(inherited) @executable_path/Frameworks @loader_path/Frameworks";
				PRODUCT_BUNDLE_IDENTIFIER = Farooque.musicAlbumsUITests;
				PRODUCT_NAME = "$(TARGET_NAME)";
				SWIFT_VERSION = 3.0;
				TEST_TARGET_NAME = musicAlbums;
			};
			name = Release;
		};
/* End XCBuildConfiguration section */

/* Begin XCConfigurationList section */
		A32201AD1FADD67E0026EF70 /* Build configuration list for PBXProject "musicAlbums" */ = {
			isa = XCConfigurationList;
			buildConfigurations = (
				A32201DB1FADD67E0026EF70 /* Debug */,
				A32201DC1FADD67E0026EF70 /* Release */,
			);
			defaultConfigurationIsVisible = 0;
			defaultConfigurationName = Release;
		};
		A32201DD1FADD67E0026EF70 /* Build configuration list for PBXNativeTarget "musicAlbums" */ = {
			isa = XCConfigurationList;
			buildConfigurations = (
				A32201DE1FADD67E0026EF70 /* Debug */,
				A32201DF1FADD67E0026EF70 /* Release */,
			);
			defaultConfigurationIsVisible = 0;
			defaultConfigurationName = Release;
		};
		A32201E01FADD67E0026EF70 /* Build configuration list for PBXNativeTarget "musicAlbumsTests" */ = {
			isa = XCConfigurationList;
			buildConfigurations = (
				A32201E11FADD67E0026EF70 /* Debug */,
				A32201E21FADD67E0026EF70 /* Release */,
			);
			defaultConfigurationIsVisible = 0;
			defaultConfigurationName = Release;
		};
		A32201E31FADD67E0026EF70 /* Build configuration list for PBXNativeTarget "musicAlbumsUITests" */ = {
			isa = XCConfigurationList;
			buildConfigurations = (
				A32201E41FADD67E0026EF70 /* Debug */,
				A32201E51FADD67E0026EF70 /* Release */,
			);
			defaultConfigurationIsVisible = 0;
			defaultConfigurationName = Release;
		};
/* End XCConfigurationList section */

/* Begin XCVersionGroup section */
		A32201BC1FADD67E0026EF70 /* musicAlbums.xcdatamodeld */ = {
			isa = XCVersionGroup;
			children = (
				A32201BD1FADD67E0026EF70 /* musicAlbums.xcdatamodel */,
			);
			currentVersion = A32201BD1FADD67E0026EF70 /* musicAlbums.xcdatamodel */;
			path = musicAlbums.xcdatamodeld;
			sourceTree = "<group>";
			versionGroupType = wrapper.xcdatamodel;
		};
/* End XCVersionGroup section */
	};
	rootObject = A32201AA1FADD67E0026EF70 /* Project object */;
}
